
Microsoft Visual Studio Solution File, Format Version 12.00
# Visual Studio 15
VisualStudioVersion = 15.0.27004.2002
MinimumVisualStudioVersion = 10.0.40219.1
Project("{8BC9CEB8-8B4A-11D0-8D11-00A0C91BC942}") = "uc", "uc.vcxproj", "{E867E210-5F3C-4D5E-824C-46613FF5208D}"
EndProject
Global
	GlobalSection(SolutionConfigurationPlatforms) = preSolution
		Debug|x64 = Debug|x64
		Debug|x86 = Debug|x86
		Release|x64 = Release|x64
		Release|x86 = Release|x86
	EndGlobalSection
	GlobalSection(ProjectConfigurationPlatforms) = postSolution
		{E867E210-5F3C-4D5E-824C-46613FF5208D}.Debug|x64.ActiveCfg = Debug|x64
		{E867E210-5F3C-4D5E-824C-46613FF5208D}.Debug|x64.Build.0 = Debug|x64
		{E867E210-5F3C-4D5E-824C-46613FF5208D}.Debug|x86.ActiveCfg = Debug|Win32
		{E867E210-5F3C-4D5E-824C-46613FF5208D}.Debug|x86.Build.0 = Debug|Win32
		{E867E210-5F3C-4D5E-824C-46613FF5208D}.Release|x64.ActiveCfg = Release|x64
		{E867E210-5F3C-4D5E-824C-46613FF5208D}.Release|x64.Build.0 = Release|x64
		{E867E210-5F3C-4D5E-824C-46613FF5208D}.Release|x86.ActiveCfg = Release|Win32
		{E867E210-5F3C-4D5E-824C-46613FF5208D}.Release|x86.Build.0 = Release|Win32
	EndGlobalSection
	GlobalSection(SolutionProperties) = preSolution
		HideSolutionNode = FALSE
	EndGlobalSection
	GlobalSection(ExtensibilityGlobals) = postSolution
		SolutionGuid = {D154118A-BD84-4256-AA87-0706EEEBAE87}
	EndGlobalSection
EndGlobal
